// !$*UTF8*$!
{
	archiveVersion = 1;
	classes = {
	};
	objectVersion = 50;
	objects = {

/* Begin PBXBuildFile section */
		DB1ACACE291D683B0077636C /* Tests_iOS.swift in Sources */ = {isa = PBXBuildFile; fileRef = DB1ACACD291D683B0077636C /* Tests_iOS.swift */; };
		DB1ACAD9291D683B0077636C /* Tests_macOS.swift in Sources */ = {isa = PBXBuildFile; fileRef = DB1ACAD8291D683B0077636C /* Tests_macOS.swift */; };
		DB1ACADB291D683B0077636C /* CaraCoroaApp.swift in Sources */ = {isa = PBXBuildFile; fileRef = DB1ACAB2291D682D0077636C /* CaraCoroaApp.swift */; };
		DB1ACADD291D683B0077636C /* ContentView.swift in Sources */ = {isa = PBXBuildFile; fileRef = DB1ACAB3291D682D0077636C /* ContentView.swift */; };
		DB1ACADF291D683B0077636C /* Assets.xcassets in Resources */ = {isa = PBXBuildFile; fileRef = DB1ACAB4291D683A0077636C /* Assets.xcassets */; };
		DB1ACB0B291DC09B0077636C /* Main.storyboard in Resources */ = {isa = PBXBuildFile; fileRef = DB1ACB0A291DC09B0077636C /* Main.storyboard */; };
		DB1ACB12291DEEAD0077636C /* JogoViewController.swift in Sources */ = {isa = PBXBuildFile; fileRef = DB1ACB11291DEEAD0077636C /* JogoViewController.swift */; };
		DB1ACB2B291DF7DF0077636C /* ViewController.swift in Sources */ = {isa = PBXBuildFile; fileRef = DB1ACB2A291DF7DF0077636C /* ViewController.swift */; };
/* End PBXBuildFile section */

/* Begin PBXContainerItemProxy section */
		DB1ACACA291D683B0077636C /* PBXContainerItemProxy */ = {
			isa = PBXContainerItemProxy;
			containerPortal = DB1ACAAD291D682B0077636C /* Project object */;
			proxyType = 1;
			remoteGlobalIDString = DB1ACAB8291D683A0077636C;
			remoteInfo = "CaraCoroa (iOS)";
		};
		DB1ACAD5291D683B0077636C /* PBXContainerItemProxy */ = {
			isa = PBXContainerItemProxy;
			containerPortal = DB1ACAAD291D682B0077636C /* Project object */;
			proxyType = 1;
			remoteGlobalIDString = DB1ACAC0291D683A0077636C;
			remoteInfo = "CaraCoroa (macOS)";
		};
/* End PBXContainerItemProxy section */

/* Begin PBXFileReference section */
		DB1ACAB2291D682D0077636C /* CaraCoroaApp.swift */ = {isa = PBXFileReference; lastKnownFileType = sourcecode.swift; path = CaraCoroaApp.swift; sourceTree = "<group>"; };
		DB1ACAB3291D682D0077636C /* ContentView.swift */ = {isa = PBXFileReference; lastKnownFileType = sourcecode.swift; path = ContentView.swift; sourceTree = "<group>"; };
		DB1ACAB4291D683A0077636C /* Assets.xcassets */ = {isa = PBXFileReference; lastKnownFileType = folder.assetcatalog; path = Assets.xcassets; sourceTree = "<group>"; };
		DB1ACAB9291D683A0077636C /* CaraCoroa.app */ = {isa = PBXFileReference; explicitFileType = wrapper.application; includeInIndex = 0; path = CaraCoroa.app; sourceTree = BUILT_PRODUCTS_DIR; };
		DB1ACABC291D683A0077636C /* Info.plist */ = {isa = PBXFileReference; lastKnownFileType = text.plist.xml; path = Info.plist; sourceTree = "<group>"; };
		DB1ACAC1291D683A0077636C /* CaraCoroa.app */ = {isa = PBXFileReference; explicitFileType = wrapper.application; includeInIndex = 0; path = CaraCoroa.app; sourceTree = BUILT_PRODUCTS_DIR; };
		DB1ACAC3291D683A0077636C /* Info.plist */ = {isa = PBXFileReference; lastKnownFileType = text.plist.xml; path = Info.plist; sourceTree = "<group>"; };
		DB1ACAC4291D683B0077636C /* macOS.entitlements */ = {isa = PBXFileReference; lastKnownFileType = text.plist.entitlements; path = macOS.entitlements; sourceTree = "<group>"; };
		DB1ACAC9291D683B0077636C /* Tests iOS.xctest */ = {isa = PBXFileReference; explicitFileType = wrapper.cfbundle; includeInIndex = 0; path = "Tests iOS.xctest"; sourceTree = BUILT_PRODUCTS_DIR; };
		DB1ACACD291D683B0077636C /* Tests_iOS.swift */ = {isa = PBXFileReference; lastKnownFileType = sourcecode.swift; path = Tests_iOS.swift; sourceTree = "<group>"; };
		DB1ACACF291D683B0077636C /* Info.plist */ = {isa = PBXFileReference; lastKnownFileType = text.plist.xml; path = Info.plist; sourceTree = "<group>"; };
		DB1ACAD4291D683B0077636C /* Tests macOS.xctest */ = {isa = PBXFileReference; explicitFileType = wrapper.cfbundle; includeInIndex = 0; path = "Tests macOS.xctest"; sourceTree = BUILT_PRODUCTS_DIR; };
		DB1ACAD8291D683B0077636C /* Tests_macOS.swift */ = {isa = PBXFileReference; lastKnownFileType = sourcecode.swift; path = Tests_macOS.swift; sourceTree = "<group>"; };
		DB1ACADA291D683B0077636C /* Info.plist */ = {isa = PBXFileReference; lastKnownFileType = text.plist.xml; path = Info.plist; sourceTree = "<group>"; };
		DB1ACB0A291DC09B0077636C /* Main.storyboard */ = {isa = PBXFileReference; lastKnownFileType = file.storyboard; path = Main.storyboard; sourceTree = "<group>"; };
		DB1ACB11291DEEAD0077636C /* JogoViewController.swift */ = {isa = PBXFileReference; lastKnownFileType = sourcecode.swift; path = JogoViewController.swift; sourceTree = "<group>"; };
		DB1ACB2A291DF7DF0077636C /* ViewController.swift */ = {isa = PBXFileReference; lastKnownFileType = sourcecode.swift; path = ViewController.swift; sourceTree = "<group>"; };
/* End PBXFileReference section */

/* Begin PBXFrameworksBuildPhase section */
		DB1ACAB6291D683A0077636C /* Frameworks */ = {
			isa = PBXFrameworksBuildPhase;
			buildActionMask = 2147483647;
			files = (
			);
			runOnlyForDeploymentPostprocessing = 0;
		};
		DB1ACABE291D683A0077636C /* Frameworks */ = {
			isa = PBXFrameworksBuildPhase;
			buildActionMask = 2147483647;
			files = (
			);
			runOnlyForDeploymentPostprocessing = 0;
		};
		DB1ACAC6291D683B0077636C /* Frameworks */ = {
			isa = PBXFrameworksBuildPhase;
			buildActionMask = 2147483647;
			files = (
			);
			runOnlyForDeploymentPostprocessing = 0;
		};
		DB1ACAD1291D683B0077636C /* Frameworks */ = {
			isa = PBXFrameworksBuildPhase;
			buildActionMask = 2147483647;
			files = (
			);
			runOnlyForDeploymentPostprocessing = 0;
		};
/* End PBXFrameworksBuildPhase section */

/* Begin PBXGroup section */
		DB1ACAAC291D682B0077636C = {
			isa = PBXGroup;
			children = (
				DB1ACAB1291D682D0077636C /* Shared */,
				DB1ACABB291D683A0077636C /* iOS */,
				DB1ACAC2291D683A0077636C /* macOS */,
				DB1ACACC291D683B0077636C /* Tests iOS */,
				DB1ACAD7291D683B0077636C /* Tests macOS */,
				DB1ACABA291D683A0077636C /* Products */,
			);
			sourceTree = "<group>";
		};
		DB1ACAB1291D682D0077636C /* Shared */ = {
			isa = PBXGroup;
			children = (
				DB1ACAB2291D682D0077636C /* CaraCoroaApp.swift */,
				DB1ACAB3291D682D0077636C /* ContentView.swift */,
				DB1ACAB4291D683A0077636C /* Assets.xcassets */,
				DB1ACB0A291DC09B0077636C /* Main.storyboard */,
				DB1ACB2A291DF7DF0077636C /* ViewController.swift */,
				DB1ACB11291DEEAD0077636C /* JogoViewController.swift */,
			);
			path = Shared;
			sourceTree = "<group>";
		};
		DB1ACABA291D683A0077636C /* Products */ = {
			isa = PBXGroup;
			children = (
				DB1ACAB9291D683A0077636C /* CaraCoroa.app */,
				DB1ACAC1291D683A0077636C /* CaraCoroa.app */,
				DB1ACAC9291D683B0077636C /* Tests iOS.xctest */,
				DB1ACAD4291D683B0077636C /* Tests macOS.xctest */,
			);
			name = Products;
			sourceTree = "<group>";
		};
		DB1ACABB291D683A0077636C /* iOS */ = {
			isa = PBXGroup;
			children = (
				DB1ACABC291D683A0077636C /* Info.plist */,
			);
			path = iOS;
			sourceTree = "<group>";
		};
		DB1ACAC2291D683A0077636C /* macOS */ = {
			isa = PBXGroup;
			children = (
				DB1ACAC3291D683A0077636C /* Info.plist */,
				DB1ACAC4291D683B0077636C /* macOS.entitlements */,
			);
			path = macOS;
			sourceTree = "<group>";
		};
		DB1ACACC291D683B0077636C /* Tests iOS */ = {
			isa = PBXGroup;
			children = (
				DB1ACACD291D683B0077636C /* Tests_iOS.swift */,
				DB1ACACF291D683B0077636C /* Info.plist */,
			);
			path = "Tests iOS";
			sourceTree = "<group>";
		};
		DB1ACAD7291D683B0077636C /* Tests macOS */ = {
			isa = PBXGroup;
			children = (
				DB1ACAD8291D683B0077636C /* Tests_macOS.swift */,
				DB1ACADA291D683B0077636C /* Info.plist */,
			);
			path = "Tests macOS";
			sourceTree = "<group>";
		};
/* End PBXGroup section */

/* Begin PBXNativeTarget section */
		DB1ACAB8291D683A0077636C /* CaraCoroa (iOS) */ = {
			isa = PBXNativeTarget;
			buildConfigurationList = DB1ACAE3291D683B0077636C /* Build configuration list for PBXNativeTarget "CaraCoroa (iOS)" */;
			buildPhases = (
				DB1ACAB5291D683A0077636C /* Sources */,
				DB1ACAB6291D683A0077636C /* Frameworks */,
				DB1ACAB7291D683A0077636C /* Resources */,
			);
			buildRules = (
			);
			dependencies = (
			);
			name = "CaraCoroa (iOS)";
			productName = "CaraCoroa (iOS)";
			productReference = DB1ACAB9291D683A0077636C /* CaraCoroa.app */;
			productType = "com.apple.product-type.application";
		};
		DB1ACAC0291D683A0077636C /* CaraCoroa (macOS) */ = {
			isa = PBXNativeTarget;
			buildConfigurationList = DB1ACAE6291D683B0077636C /* Build configuration list for PBXNativeTarget "CaraCoroa (macOS)" */;
			buildPhases = (
				DB1ACABD291D683A0077636C /* Sources */,
				DB1ACABE291D683A0077636C /* Frameworks */,
				DB1ACABF291D683A0077636C /* Resources */,
			);
			buildRules = (
			);
			dependencies = (
			);
			name = "CaraCoroa (macOS)";
			productName = "CaraCoroa (macOS)";
			productReference = DB1ACAC1291D683A0077636C /* CaraCoroa.app */;
			productType = "com.apple.product-type.application";
		};
		DB1ACAC8291D683B0077636C /* Tests iOS */ = {
			isa = PBXNativeTarget;
			buildConfigurationList = DB1ACAE9291D683B0077636C /* Build configuration list for PBXNativeTarget "Tests iOS" */;
			buildPhases = (
				DB1ACAC5291D683B0077636C /* Sources */,
				DB1ACAC6291D683B0077636C /* Frameworks */,
				DB1ACAC7291D683B0077636C /* Resources */,
			);
			buildRules = (
			);
			dependencies = (
				DB1ACACB291D683B0077636C /* PBXTargetDependency */,
			);
			name = "Tests iOS";
			productName = "Tests iOS";
			productReference = DB1ACAC9291D683B0077636C /* Tests iOS.xctest */;
			productType = "com.apple.product-type.bundle.ui-testing";
		};
		DB1ACAD3291D683B0077636C /* Tests macOS */ = {
			isa = PBXNativeTarget;
			buildConfigurationList = DB1ACAEC291D683B0077636C /* Build configuration list for PBXNativeTarget "Tests macOS" */;
			buildPhases = (
				DB1ACAD0291D683B0077636C /* Sources */,
				DB1ACAD1291D683B0077636C /* Frameworks */,
				DB1ACAD2291D683B0077636C /* Resources */,
			);
			buildRules = (
			);
			dependencies = (
				DB1ACAD6291D683B0077636C /* PBXTargetDependency */,
			);
			name = "Tests macOS";
			productName = "Tests macOS";
			productReference = DB1ACAD4291D683B0077636C /* Tests macOS.xctest */;
			productType = "com.apple.product-type.bundle.ui-testing";
		};
/* End PBXNativeTarget section */

/* Begin PBXProject section */
		DB1ACAAD291D682B0077636C /* Project object */ = {
			isa = PBXProject;
			attributes = {
				LastSwiftUpdateCheck = 1240;
				LastUpgradeCheck = 1240;
				TargetAttributes = {
					DB1ACAB8291D683A0077636C = {
						CreatedOnToolsVersion = 12.4;
					};
					DB1ACAC0291D683A0077636C = {
						CreatedOnToolsVersion = 12.4;
					};
					DB1ACAC8291D683B0077636C = {
						CreatedOnToolsVersion = 12.4;
						TestTargetID = DB1ACAB8291D683A0077636C;
					};
					DB1ACAD3291D683B0077636C = {
						CreatedOnToolsVersion = 12.4;
						TestTargetID = DB1ACAC0291D683A0077636C;
					};
				};
			};
			buildConfigurationList = DB1ACAB0291D682B0077636C /* Build configuration list for PBXProject "CaraCoroa" */;
			compatibilityVersion = "Xcode 9.3";
			developmentRegion = en;
			hasScannedForEncodings = 0;
			knownRegions = (
				en,
				Base,
			);
			mainGroup = DB1ACAAC291D682B0077636C;
			productRefGroup = DB1ACABA291D683A0077636C /* Products */;
			projectDirPath = "";
			projectRoot = "";
			targets = (
				DB1ACAB8291D683A0077636C /* CaraCoroa (iOS) */,
				DB1ACAC0291D683A0077636C /* CaraCoroa (macOS) */,
				DB1ACAC8291D683B0077636C /* Tests iOS */,
				DB1ACAD3291D683B0077636C /* Tests macOS */,
			);
		};
/* End PBXProject section */

/* Begin PBXResourcesBuildPhase section */
		DB1ACAB7291D683A0077636C /* Resources */ = {
			isa = PBXResourcesBuildPhase;
			buildActionMask = 2147483647;
			files = (
				DB1ACADF291D683B0077636C /* Assets.xcassets in Resources */,
				DB1ACB0B291DC09B0077636C /* Main.storyboard in Resources */,
			);
			runOnlyForDeploymentPostprocessing = 0;
		};
		DB1ACABF291D683A0077636C /* Resources */ = {
			isa = PBXResourcesBuildPhase;
			buildActionMask = 2147483647;
			files = (
			);
			runOnlyForDeploymentPostprocessing = 0;
		};
		DB1ACAC7291D683B0077636C /* Resources */ = {
			isa = PBXResourcesBuildPhase;
			buildActionMask = 2147483647;
			files = (
			);
			runOnlyForDeploymentPostprocessing = 0;
		};
		DB1ACAD2291D683B0077636C /* Resources */ = {
			isa = PBXResourcesBuildPhase;
			buildActionMask = 2147483647;
			files = (
			);
			runOnlyForDeploymentPostprocessing = 0;
		};
/* End PBXResourcesBuildPhase section */

/* Begin PBXSourcesBuildPhase section */
		DB1ACAB5291D683A0077636C /* Sources */ = {
			isa = PBXSourcesBuildPhase;
			buildActionMask = 2147483647;
			files = (
				DB1ACADD291D683B0077636C /* ContentView.swift in Sources */,
				DB1ACADB291D683B0077636C /* CaraCoroaApp.swift in Sources */,
				DB1ACB2B291DF7DF0077636C /* ViewController.swift in Sources */,
				DB1ACB12291DEEAD0077636C /* JogoViewController.swift in Sources */,
			);
			runOnlyForDeploymentPostprocessing = 0;
		};
		DB1ACABD291D683A0077636C /* Sources */ = {
			isa = PBXSourcesBuildPhase;
			buildActionMask = 2147483647;
			files = (
			);
			runOnlyForDeploymentPostprocessing = 0;
		};
		DB1ACAC5291D683B0077636C /* Sources */ = {
			isa = PBXSourcesBuildPhase;
			buildActionMask = 2147483647;
			files = (
				DB1ACACE291D683B0077636C /* Tests_iOS.swift in Sources */,
			);
			runOnlyForDeploymentPostprocessing = 0;
		};
		DB1ACAD0291D683B0077636C /* Sources */ = {
			isa = PBXSourcesBuildPhase;
			buildActionMask = 2147483647;
			files = (
				DB1ACAD9291D683B0077636C /* Tests_macOS.swift in Sources */,
			);
			runOnlyForDeploymentPostprocessing = 0;
		};
/* End PBXSourcesBuildPhase section */

/* Begin PBXTargetDependency section */
		DB1ACACB291D683B0077636C /* PBXTargetDependency */ = {
			isa = PBXTargetDependency;
			target = DB1ACAB8291D683A0077636C /* CaraCoroa (iOS) */;
			targetProxy = DB1ACACA291D683B0077636C /* PBXContainerItemProxy */;
		};
		DB1ACAD6291D683B0077636C /* PBXTargetDependency */ = {
			isa = PBXTargetDependency;
			target = DB1ACAC0291D683A0077636C /* CaraCoroa (macOS) */;
			targetProxy = DB1ACAD5291D683B0077636C /* PBXContainerItemProxy */;
		};
/* End PBXTargetDependency section */

/* Begin XCBuildConfiguration section */
		DB1ACAE1291D683B0077636C /* Debug */ = {
			isa = XCBuildConfiguration;
			buildSettings = {
				ALWAYS_SEARCH_USER_PATHS = NO;
				CLANG_ANALYZER_NONNULL = YES;
				CLANG_ANALYZER_NUMBER_OBJECT_CONVERSION = YES_AGGRESSIVE;
				CLANG_CXX_LANGUAGE_STANDARD = "gnu++14";
				CLANG_CXX_LIBRARY = "libc++";
				CLANG_ENABLE_MODULES = YES;
				CLANG_ENABLE_OBJC_ARC = YES;
				CLANG_ENABLE_OBJC_WEAK = YES;
				CLANG_WARN_BLOCK_CAPTURE_AUTORELEASING = YES;
				CLANG_WARN_BOOL_CONVERSION = YES;
				CLANG_WARN_COMMA = YES;
				CLANG_WARN_CONSTANT_CONVERSION = YES;
				CLANG_WARN_DEPRECATED_OBJC_IMPLEMENTATIONS = YES;
				CLANG_WARN_DIRECT_OBJC_ISA_USAGE = YES_ERROR;
				CLANG_WARN_DOCUMENTATION_COMMENTS = YES;
				CLANG_WARN_EMPTY_BODY = YES;
				CLANG_WARN_ENUM_CONVERSION = YES;
				CLANG_WARN_INFINITE_RECURSION = YES;
				CLANG_WARN_INT_CONVERSION = YES;
				CLANG_WARN_NON_LITERAL_NULL_CONVERSION = YES;
				CLANG_WARN_OBJC_IMPLICIT_RETAIN_SELF = YES;
				CLANG_WARN_OBJC_LITERAL_CONVERSION = YES;
				CLANG_WARN_OBJC_ROOT_CLASS = YES_ERROR;
				CLANG_WARN_QUOTED_INCLUDE_IN_FRAMEWORK_HEADER = YES;
				CLANG_WARN_RANGE_LOOP_ANALYSIS = YES;
				CLANG_WARN_STRICT_PROTOTYPES = YES;
				CLANG_WARN_SUSPICIOUS_MOVE = YES;
				CLANG_WARN_UNGUARDED_AVAILABILITY = YES_AGGRESSIVE;
				CLANG_WARN_UNREACHABLE_CODE = YES;
				CLANG_WARN__DUPLICATE_METHOD_MATCH = YES;
				COPY_PHASE_STRIP = NO;
				DEBUG_INFORMATION_FORMAT = dwarf;
				ENABLE_STRICT_OBJC_MSGSEND = YES;
				ENABLE_TESTABILITY = YES;
				GCC_C_LANGUAGE_STANDARD = gnu11;
				GCC_DYNAMIC_NO_PIC = NO;
				GCC_NO_COMMON_BLOCKS = YES;
				GCC_OPTIMIZATION_LEVEL = 0;
				GCC_PREPROCESSOR_DEFINITIONS = (
					"DEBUG=1",
					"$(inherited)",
				);
				GCC_WARN_64_TO_32_BIT_CONVERSION = YES;
				GCC_WARN_ABOUT_RETURN_TYPE = YES_ERROR;
				GCC_WARN_UNDECLARED_SELECTOR = YES;
				GCC_WARN_UNINITIALIZED_AUTOS = YES_AGGRESSIVE;
				GCC_WARN_UNUSED_FUNCTION = YES;
				GCC_WARN_UNUSED_VARIABLE = YES;
				MTL_ENABLE_DEBUG_INFO = INCLUDE_SOURCE;
				MTL_FAST_MATH = YES;
				ONLY_ACTIVE_ARCH = YES;
				SWIFT_ACTIVE_COMPILATION_CONDITIONS = DEBUG;
				SWIFT_OPTIMIZATION_LEVEL = "-Onone";
			};
			name = Debug;
		};
		DB1ACAE2291D683B0077636C /* Release */ = {
			isa = XCBuildConfiguration;
			buildSettings = {
				ALWAYS_SEARCH_USER_PATHS = NO;
				CLANG_ANALYZER_NONNULL = YES;
				CLANG_ANALYZER_NUMBER_OBJECT_CONVERSION = YES_AGGRESSIVE;
				CLANG_CXX_LANGUAGE_STANDARD = "gnu++14";
				CLANG_CXX_LIBRARY = "libc++";
				CLANG_ENABLE_MODULES = YES;
				CLANG_ENABLE_OBJC_ARC = YES;
				CLANG_ENABLE_OBJC_WEAK = YES;
				CLANG_WARN_BLOCK_CAPTURE_AUTORELEASING = YES;
				CLANG_WARN_BOOL_CONVERSION = YES;
				CLANG_WARN_COMMA = YES;
				CLANG_WARN_CONSTANT_CONVERSION = YES;
				CLANG_WARN_DEPRECATED_OBJC_IMPLEMENTATIONS = YES;
				CLANG_WARN_DIRECT_OBJC_ISA_USAGE = YES_ERROR;
				CLANG_WARN_DOCUMENTATION_COMMENTS = YES;
				CLANG_WARN_EMPTY_BODY = YES;
				CLANG_WARN_ENUM_CONVERSION = YES;
				CLANG_WARN_INFINITE_RECURSION = YES;
				CLANG_WARN_INT_CONVERSION = YES;
				CLANG_WARN_NON_LITERAL_NULL_CONVERSION = YES;
				CLANG_WARN_OBJC_IMPLICIT_RETAIN_SELF = YES;
				CLANG_WARN_OBJC_LITERAL_CONVERSION = YES;
				CLANG_WARN_OBJC_ROOT_CLASS = YES_ERROR;
				CLANG_WARN_QUOTED_INCLUDE_IN_FRAMEWORK_HEADER = YES;
				CLANG_WARN_RANGE_LOOP_ANALYSIS = YES;
				CLANG_WARN_STRICT_PROTOTYPES = YES;
				CLANG_WARN_SUSPICIOUS_MOVE = YES;
				CLANG_WARN_UNGUARDED_AVAILABILITY = YES_AGGRESSIVE;
				CLANG_WARN_UNREACHABLE_CODE = YES;
				CLANG_WARN__DUPLICATE_METHOD_MATCH = YES;
				COPY_PHASE_STRIP = NO;
				DEBUG_INFORMATION_FORMAT = "dwarf-with-dsym";
				ENABLE_NS_ASSERTIONS = NO;
				ENABLE_STRICT_OBJC_MSGSEND = YES;
				GCC_C_LANGUAGE_STANDARD = gnu11;
				GCC_NO_COMMON_BLOCKS = YES;
				GCC_WARN_64_TO_32_BIT_CONVERSION = YES;
				GCC_WARN_ABOUT_RETURN_TYPE = YES_ERROR;
				GCC_WARN_UNDECLARED_SELECTOR = YES;
				GCC_WARN_UNINITIALIZED_AUTOS = YES_AGGRESSIVE;
				GCC_WARN_UNUSED_FUNCTION = YES;
				GCC_WARN_UNUSED_VARIABLE = YES;
				MTL_ENABLE_DEBUG_INFO = NO;
				MTL_FAST_MATH = YES;
				SWIFT_COMPILATION_MODE = wholemodule;
				SWIFT_OPTIMIZATION_LEVEL = "-O";
			};
			name = Release;
		};
		DB1ACAE4291D683B0077636C /* Debug */ = {
			isa = XCBuildConfiguration;
			buildSettings = {
				ASSETCATALOG_COMPILER_APPICON_NAME = AppIcon;
				ASSETCATALOG_COMPILER_GLOBAL_ACCENT_COLOR_NAME = AccentColor;
				CODE_SIGN_STYLE = Automatic;
				ENABLE_PREVIEWS = YES;
				INFOPLIST_FILE = iOS/Info.plist;
				IPHONEOS_DEPLOYMENT_TARGET = 14.0;
				LD_RUNPATH_SEARCH_PATHS = (
					"$(inherited)",
					"@executable_path/Frameworks",
				);
				PRODUCT_BUNDLE_IDENTIFIER = rperatello.com.br.CaraCoroa;
				PRODUCT_NAME = CaraCoroa;
				SDKROOT = iphoneos;
				SWIFT_VERSION = 5.0;
				TARGETED_DEVICE_FAMILY = "1,2";
			};
			name = Debug;
		};
		DB1ACAE5291D683B0077636C /* Release */ = {
			isa = XCBuildConfiguration;
			buildSettings = {
				ASSETCATALOG_COMPILER_APPICON_NAME = AppIcon;
				ASSETCATALOG_COMPILER_GLOBAL_ACCENT_COLOR_NAME = AccentColor;
				CODE_SIGN_STYLE = Automatic;
				ENABLE_PREVIEWS = YES;
				INFOPLIST_FILE = iOS/Info.plist;
				IPHONEOS_DEPLOYMENT_TARGET = 14.0;
				LD_RUNPATH_SEARCH_PATHS = (
					"$(inherited)",
					"@executable_path/Frameworks",
				);
				PRODUCT_BUNDLE_IDENTIFIER = rperatello.com.br.CaraCoroa;
				PRODUCT_NAME = CaraCoroa;
				SDKROOT = iphoneos;
				SWIFT_VERSION = 5.0;
				TARGETED_DEVICE_FAMILY = "1,2";
				VALIDATE_PRODUCT = YES;
			};
			name = Release;
		};
		DB1ACAE7291D683B0077636C /* Debug */ = {
			isa = XCBuildConfiguration;
			buildSettings = {
				ASSETCATALOG_COMPILER_APPICON_NAME = AppIcon;
				ASSETCATALOG_COMPILER_GLOBAL_ACCENT_COLOR_NAME = AccentColor;
				CODE_SIGN_ENTITLEMENTS = macOS/macOS.entitlements;
				CODE_SIGN_STYLE = Automatic;
				COMBINE_HIDPI_IMAGES = YES;
				ENABLE_PREVIEWS = YES;
				INFOPLIST_FILE = macOS/Info.plist;
				LD_RUNPATH_SEARCH_PATHS = (
					"$(inherited)",
					"@executable_path/../Frameworks",
				);
				MACOSX_DEPLOYMENT_TARGET = 11.0;
				PRODUCT_BUNDLE_IDENTIFIER = rperatello.com.br.CaraCoroa;
				PRODUCT_NAME = CaraCoroa;
				SDKROOT = macosx;
				SWIFT_VERSION = 5.0;
			};
			name = Debug;
		};
		DB1ACAE8291D683B0077636C /* Release */ = {
			isa = XCBuildConfiguration;
			buildSettings = {
				ASSETCATALOG_COMPILER_APPICON_NAME = AppIcon;
				ASSETCATALOG_COMPILER_GLOBAL_ACCENT_COLOR_NAME = AccentColor;
				CODE_SIGN_ENTITLEMENTS = macOS/macOS.entitlements;
				CODE_SIGN_STYLE = Automatic;
				COMBINE_HIDPI_IMAGES = YES;
				ENABLE_PREVIEWS = YES;
				INFOPLIST_FILE = macOS/Info.plist;
				LD_RUNPATH_SEARCH_PATHS = (
					"$(inherited)",
					"@executable_path/../Frameworks",
				);
				MACOSX_DEPLOYMENT_TARGET = 11.0;
				PRODUCT_BUNDLE_IDENTIFIER = rperatello.com.br.CaraCoroa;
				PRODUCT_NAME = CaraCoroa;
				SDKROOT = macosx;
				SWIFT_VERSION = 5.0;
			};
			name = Release;
		};
		DB1ACAEA291D683B0077636C /* Debug */ = {
			isa = XCBuildConfiguration;
			buildSettings = {
				ALWAYS_EMBED_SWIFT_STANDARD_LIBRARIES = YES;
				CODE_SIGN_STYLE = Automatic;
				INFOPLIST_FILE = "Tests iOS/Info.plist";
				IPHONEOS_DEPLOYMENT_TARGET = 14.4;
				LD_RUNPATH_SEARCH_PATHS = (
					"$(inherited)",
					"@executable_path/Frameworks",
					"@loader_path/Frameworks",
				);
				PRODUCT_BUNDLE_IDENTIFIER = "rperatello.com.br.Tests-iOS";
				PRODUCT_NAME = "$(TARGET_NAME)";
				SDKROOT = iphoneos;
				SWIFT_VERSION = 5.0;
				TARGETED_DEVICE_FAMILY = "1,2";
				TEST_TARGET_NAME = "CaraCoroa (iOS)";
			};
			name = Debug;
		};
		DB1ACAEB291D683B0077636C /* Release */ = {
			isa = XCBuildConfiguration;
			buildSettings = {
				ALWAYS_EMBED_SWIFT_STANDARD_LIBRARIES = YES;
				CODE_SIGN_STYLE = Automatic;
				INFOPLIST_FILE = "Tests iOS/Info.plist";
				IPHONEOS_DEPLOYMENT_TARGET = 14.4;
				LD_RUNPATH_SEARCH_PATHS = (
					"$(inherited)",
					"@executable_path/Frameworks",
					"@loader_path/Frameworks",
				);
				PRODUCT_BUNDLE_IDENTIFIER = "rperatello.com.br.Tests-iOS";
				PRODUCT_NAME = "$(TARGET_NAME)";
				SDKROOT = iphoneos;
				SWIFT_VERSION = 5.0;
				TARGETED_DEVICE_FAMILY = "1,2";
				TEST_TARGET_NAME = "CaraCoroa (iOS)";
				VALIDATE_PRODUCT = YES;
			};
			name = Release;
		};
		DB1ACAED291D683B0077636C /* Debug */ = {
			isa = XCBuildConfiguration;
			buildSettings = {
				CODE_SIGN_STYLE = Automatic;
				COMBINE_HIDPI_IMAGES = YES;
				INFOPLIST_FILE = "Tests macOS/Info.plist";
				LD_RUNPATH_SEARCH_PATHS = (
					"$(inherited)",
					"@executable_path/../Frameworks",
					"@loader_path/../Frameworks",
				);
				MACOSX_DEPLOYMENT_TARGET = 10.15;
				PRODUCT_BUNDLE_IDENTIFIER = "rperatello.com.br.Tests-macOS";
				PRODUCT_NAME = "$(TARGET_NAME)";
				SDKROOT = macosx;
				SWIFT_VERSION = 5.0;
				TEST_TARGET_NAME = "CaraCoroa (macOS)";
			};
			name = Debug;
		};
		DB1ACAEE291D683B0077636C /* Release */ = {
			isa = XCBuildConfiguration;
			buildSettings = {
				CODE_SIGN_STYLE = Automatic;
				COMBINE_HIDPI_IMAGES = YES;
				INFOPLIST_FILE = "Tests macOS/Info.plist";
				LD_RUNPATH_SEARCH_PATHS = (
					"$(inherited)",
					"@executable_path/../Frameworks",
					"@loader_path/../Frameworks",
				);
				MACOSX_DEPLOYMENT_TARGET = 10.15;
				PRODUCT_BUNDLE_IDENTIFIER = "rperatello.com.br.Tests-macOS";
				PRODUCT_NAME = "$(TARGET_NAME)";
				SDKROOT = macosx;
				SWIFT_VERSION = 5.0;
				TEST_TARGET_NAME = "CaraCoroa (macOS)";
			};
			name = Release;
		};
/* End XCBuildConfiguration section */

/* Begin XCConfigurationList section */
		DB1ACAB0291D682B0077636C /* Build configuration list for PBXProject "CaraCoroa" */ = {
			isa = XCConfigurationList;
			buildConfigurations = (
				DB1ACAE1291D683B0077636C /* Debug */,
				DB1ACAE2291D683B0077636C /* Release */,
			);
			defaultConfigurationIsVisible = 0;
			defaultConfigurationName = Release;
		};
		DB1ACAE3291D683B0077636C /* Build configuration list for PBXNativeTarget "CaraCoroa (iOS)" */ = {
			isa = XCConfigurationList;
			buildConfigurations = (
				DB1ACAE4291D683B0077636C /* Debug */,
				DB1ACAE5291D683B0077636C /* Release */,
			);
			defaultConfigurationIsVisible = 0;
			defaultConfigurationName = Release;
		};
		DB1ACAE6291D683B0077636C /* Build configuration list for PBXNativeTarget "CaraCoroa (macOS)" */ = {
			isa = XCConfigurationList;
			buildConfigurations = (
				DB1ACAE7291D683B0077636C /* Debug */,
				DB1ACAE8291D683B0077636C /* Release */,
			);
			defaultConfigurationIsVisible = 0;
			defaultConfigurationName = Release;
		};
		DB1ACAE9291D683B0077636C /* Build configuration list for PBXNativeTarget "Tests iOS" */ = {
			isa = XCConfigurationList;
			buildConfigurations = (
				DB1ACAEA291D683B0077636C /* Debug */,
				DB1ACAEB291D683B0077636C /* Release */,
			);
			defaultConfigurationIsVisible = 0;
			defaultConfigurationName = Release;
		};
		DB1ACAEC291D683B0077636C /* Build configuration list for PBXNativeTarget "Tests macOS" */ = {
			isa = XCConfigurationList;
			buildConfigurations = (
				DB1ACAED291D683B0077636C /* Debug */,
				DB1ACAEE291D683B0077636C /* Release */,
			);
			defaultConfigurationIsVisible = 0;
			defaultConfigurationName = Release;
		};
/* End XCConfigurationList section */
	};
	rootObject = DB1ACAAD291D682B0077636C /* Project object */;
}
