// !$*UTF8*$!
{
	archiveVersion = 1;
	classes = {
	};
	objectVersion = 50;
	objects = {

/* Begin PBXBuildFile section */
		DB8D34402946D1E50088045F /* AppDelegate.swift in Sources */ = {isa = PBXBuildFile; fileRef = DB8D343F2946D1E50088045F /* AppDelegate.swift */; };
		DB8D34422946D1E50088045F /* SceneDelegate.swift in Sources */ = {isa = PBXBuildFile; fileRef = DB8D34412946D1E50088045F /* SceneDelegate.swift */; };
		DB8D34442946D1E50088045F /* ViewController.swift in Sources */ = {isa = PBXBuildFile; fileRef = DB8D34432946D1E50088045F /* ViewController.swift */; };
		DB8D34472946D1E50088045F /* Main.storyboard in Resources */ = {isa = PBXBuildFile; fileRef = DB8D34452946D1E50088045F /* Main.storyboard */; };
		DB8D344A2946D1E50088045F /* CC.xcdatamodeld in Sources */ = {isa = PBXBuildFile; fileRef = DB8D34482946D1E50088045F /* CC.xcdatamodeld */; };
		DB8D344C2946D1FF0088045F /* Assets.xcassets in Resources */ = {isa = PBXBuildFile; fileRef = DB8D344B2946D1FF0088045F /* Assets.xcassets */; };
		DB8D344F2946D1FF0088045F /* LaunchScreen.storyboard in Resources */ = {isa = PBXBuildFile; fileRef = DB8D344D2946D1FF0088045F /* LaunchScreen.storyboard */; };
		DB8D345C2946D3DF0088045F /* botao_voltar.png in Resources */ = {isa = PBXBuildFile; fileRef = DB8D34572946D3DF0088045F /* botao_voltar.png */; };
		DB8D345D2946D3DF0088045F /* logo.png in Resources */ = {isa = PBXBuildFile; fileRef = DB8D34582946D3DF0088045F /* logo.png */; };
		DB8D345E2946D3DF0088045F /* moeda_cara.png in Resources */ = {isa = PBXBuildFile; fileRef = DB8D34592946D3DF0088045F /* moeda_cara.png */; };
		DB8D345F2946D3DF0088045F /* moeda_coroa.png in Resources */ = {isa = PBXBuildFile; fileRef = DB8D345A2946D3DF0088045F /* moeda_coroa.png */; };
		DB8D34602946D3DF0088045F /* botao_jogar.png in Resources */ = {isa = PBXBuildFile; fileRef = DB8D345B2946D3DF0088045F /* botao_jogar.png */; };
		DB8D34642946D97D0088045F /* JogoViewController.swift in Sources */ = {isa = PBXBuildFile; fileRef = DB8D34632946D97D0088045F /* JogoViewController.swift */; };
/* End PBXBuildFile section */

/* Begin PBXFileReference section */
		DB8D343C2946D1E50088045F /* CC.app */ = {isa = PBXFileReference; explicitFileType = wrapper.application; includeInIndex = 0; path = CC.app; sourceTree = BUILT_PRODUCTS_DIR; };
		DB8D343F2946D1E50088045F /* AppDelegate.swift */ = {isa = PBXFileReference; lastKnownFileType = sourcecode.swift; path = AppDelegate.swift; sourceTree = "<group>"; };
		DB8D34412946D1E50088045F /* SceneDelegate.swift */ = {isa = PBXFileReference; lastKnownFileType = sourcecode.swift; path = SceneDelegate.swift; sourceTree = "<group>"; };
		DB8D34432946D1E50088045F /* ViewController.swift */ = {isa = PBXFileReference; lastKnownFileType = sourcecode.swift; path = ViewController.swift; sourceTree = "<group>"; };
		DB8D34462946D1E50088045F /* Base */ = {isa = PBXFileReference; lastKnownFileType = file.storyboard; name = Base; path = Base.lproj/Main.storyboard; sourceTree = "<group>"; };
		DB8D34492946D1E50088045F /* CC.xcdatamodel */ = {isa = PBXFileReference; lastKnownFileType = wrapper.xcdatamodel; path = CC.xcdatamodel; sourceTree = "<group>"; };
		DB8D344B2946D1FF0088045F /* Assets.xcassets */ = {isa = PBXFileReference; lastKnownFileType = folder.assetcatalog; path = Assets.xcassets; sourceTree = "<group>"; };
		DB8D344E2946D1FF0088045F /* Base */ = {isa = PBXFileReference; lastKnownFileType = file.storyboard; name = Base; path = Base.lproj/LaunchScreen.storyboard; sourceTree = "<group>"; };
		DB8D34502946D1FF0088045F /* Info.plist */ = {isa = PBXFileReference; lastKnownFileType = text.plist.xml; path = Info.plist; sourceTree = "<group>"; };
		DB8D34572946D3DF0088045F /* botao_voltar.png */ = {isa = PBXFileReference; lastKnownFileType = image.png; name = botao_voltar.png; path = "../../CaraCoroa-20221027/botao_voltar.png"; sourceTree = "<group>"; };
		DB8D34582946D3DF0088045F /* logo.png */ = {isa = PBXFileReference; lastKnownFileType = image.png; name = logo.png; path = "../../CaraCoroa-20221027/logo.png"; sourceTree = "<group>"; };
		DB8D34592946D3DF0088045F /* moeda_cara.png */ = {isa = PBXFileReference; lastKnownFileType = image.png; name = moeda_cara.png; path = "../../CaraCoroa-20221027/moeda_cara.png"; sourceTree = "<group>"; };
		DB8D345A2946D3DF0088045F /* moeda_coroa.png */ = {isa = PBXFileReference; lastKnownFileType = image.png; name = moeda_coroa.png; path = "../../CaraCoroa-20221027/moeda_coroa.png"; sourceTree = "<group>"; };
		DB8D345B2946D3DF0088045F /* botao_jogar.png */ = {isa = PBXFileReference; lastKnownFileType = image.png; name = botao_jogar.png; path = "../../CaraCoroa-20221027/botao_jogar.png"; sourceTree = "<group>"; };
		DB8D34632946D97D0088045F /* JogoViewController.swift */ = {isa = PBXFileReference; lastKnownFileType = sourcecode.swift; path = JogoViewController.swift; sourceTree = "<group>"; };
/* End PBXFileReference section */

/* Begin PBXFrameworksBuildPhase section */
		DB8D34392946D1E50088045F /* Frameworks */ = {
			isa = PBXFrameworksBuildPhase;
			buildActionMask = 2147483647;
			files = (
			);
			runOnlyForDeploymentPostprocessing = 0;
		};
/* End PBXFrameworksBuildPhase section */

/* Begin PBXGroup section */
		DB8D34332946D1E50088045F = {
			isa = PBXGroup;
			children = (
				DB8D343E2946D1E50088045F /* CC */,
				DB8D343D2946D1E50088045F /* Products */,
			);
			sourceTree = "<group>";
		};
		DB8D343D2946D1E50088045F /* Products */ = {
			isa = PBXGroup;
			children = (
				DB8D343C2946D1E50088045F /* CC.app */,
			);
			name = Products;
			sourceTree = "<group>";
		};
		DB8D343E2946D1E50088045F /* CC */ = {
			isa = PBXGroup;
			children = (
				DB8D343F2946D1E50088045F /* AppDelegate.swift */,
				DB8D34412946D1E50088045F /* SceneDelegate.swift */,
				DB8D34432946D1E50088045F /* ViewController.swift */,
				DB8D34632946D97D0088045F /* JogoViewController.swift */,
				DB8D34452946D1E50088045F /* Main.storyboard */,
				DB8D344B2946D1FF0088045F /* Assets.xcassets */,
				DB8D345B2946D3DF0088045F /* botao_jogar.png */,
				DB8D34572946D3DF0088045F /* botao_voltar.png */,
				DB8D34582946D3DF0088045F /* logo.png */,
				DB8D34592946D3DF0088045F /* moeda_cara.png */,
				DB8D345A2946D3DF0088045F /* moeda_coroa.png */,
				DB8D344D2946D1FF0088045F /* LaunchScreen.storyboard */,
				DB8D34502946D1FF0088045F /* Info.plist */,
				DB8D34482946D1E50088045F /* CC.xcdatamodeld */,
			);
			path = CC;
			sourceTree = "<group>";
		};
/* End PBXGroup section */

/* Begin PBXNativeTarget section */
		DB8D343B2946D1E50088045F /* CC */ = {
			isa = PBXNativeTarget;
			buildConfigurationList = DB8D34532946D1FF0088045F /* Build configuration list for PBXNativeTarget "CC" */;
			buildPhases = (
				DB8D34382946D1E50088045F /* Sources */,
				DB8D34392946D1E50088045F /* Frameworks */,
				DB8D343A2946D1E50088045F /* Resources */,
			);
			buildRules = (
			);
			dependencies = (
			);
			name = CC;
			productName = CC;
			productReference = DB8D343C2946D1E50088045F /* CC.app */;
			productType = "com.apple.product-type.application";
		};
/* End PBXNativeTarget section */

/* Begin PBXProject section */
		DB8D34342946D1E50088045F /* Project object */ = {
			isa = PBXProject;
			attributes = {
				LastSwiftUpdateCheck = 1240;
				LastUpgradeCheck = 1240;
				TargetAttributes = {
					DB8D343B2946D1E50088045F = {
						CreatedOnToolsVersion = 12.4;
					};
				};
			};
			buildConfigurationList = DB8D34372946D1E50088045F /* Build configuration list for PBXProject "CC" */;
			compatibilityVersion = "Xcode 9.3";
			developmentRegion = en;
			hasScannedForEncodings = 0;
			knownRegions = (
				en,
				Base,
			);
			mainGroup = DB8D34332946D1E50088045F;
			productRefGroup = DB8D343D2946D1E50088045F /* Products */;
			projectDirPath = "";
			projectRoot = "";
			targets = (
				DB8D343B2946D1E50088045F /* CC */,
			);
		};
/* End PBXProject section */

/* Begin PBXResourcesBuildPhase section */
		DB8D343A2946D1E50088045F /* Resources */ = {
			isa = PBXResourcesBuildPhase;
			buildActionMask = 2147483647;
			files = (
				DB8D344F2946D1FF0088045F /* LaunchScreen.storyboard in Resources */,
				DB8D34602946D3DF0088045F /* botao_jogar.png in Resources */,
				DB8D345E2946D3DF0088045F /* moeda_cara.png in Resources */,
				DB8D345D2946D3DF0088045F /* logo.png in Resources */,
				DB8D345F2946D3DF0088045F /* moeda_coroa.png in Resources */,
				DB8D344C2946D1FF0088045F /* Assets.xcassets in Resources */,
				DB8D34472946D1E50088045F /* Main.storyboard in Resources */,
				DB8D345C2946D3DF0088045F /* botao_voltar.png in Resources */,
			);
			runOnlyForDeploymentPostprocessing = 0;
		};
/* End PBXResourcesBuildPhase section */

/* Begin PBXSourcesBuildPhase section */
		DB8D34382946D1E50088045F /* Sources */ = {
			isa = PBXSourcesBuildPhase;
			buildActionMask = 2147483647;
			files = (
				DB8D34442946D1E50088045F /* ViewController.swift in Sources */,
				DB8D344A2946D1E50088045F /* CC.xcdatamodeld in Sources */,
				DB8D34402946D1E50088045F /* AppDelegate.swift in Sources */,
				DB8D34422946D1E50088045F /* SceneDelegate.swift in Sources */,
				DB8D34642946D97D0088045F /* JogoViewController.swift in Sources */,
			);
			runOnlyForDeploymentPostprocessing = 0;
		};
/* End PBXSourcesBuildPhase section */

/* Begin PBXVariantGroup section */
		DB8D34452946D1E50088045F /* Main.storyboard */ = {
			isa = PBXVariantGroup;
			children = (
				DB8D34462946D1E50088045F /* Base */,
			);
			name = Main.storyboard;
			sourceTree = "<group>";
		};
		DB8D344D2946D1FF0088045F /* LaunchScreen.storyboard */ = {
			isa = PBXVariantGroup;
			children = (
				DB8D344E2946D1FF0088045F /* Base */,
			);
			name = LaunchScreen.storyboard;
			sourceTree = "<group>";
		};
/* End PBXVariantGroup section */

/* Begin XCBuildConfiguration section */
		DB8D34512946D1FF0088045F /* Debug */ = {
			isa = XCBuildConfiguration;
			buildSettings = {
				ALWAYS_SEARCH_USER_PATHS = NO;
				CLANG_ANALYZER_NONNULL = YES;
				CLANG_ANALYZER_NUMBER_OBJECT_CONVERSION = YES_AGGRESSIVE;
				CLANG_CXX_LANGUAGE_STANDARD = "gnu++14";
				CLANG_CXX_LIBRARY = "libc++";
				CLANG_ENABLE_MODULES = YES;
				CLANG_ENABLE_OBJC_ARC = YES;
				CLANG_ENABLE_OBJC_WEAK = YES;
				CLANG_WARN_BLOCK_CAPTURE_AUTORELEASING = YES;
				CLANG_WARN_BOOL_CONVERSION = YES;
				CLANG_WARN_COMMA = YES;
				CLANG_WARN_CONSTANT_CONVERSION = YES;
				CLANG_WARN_DEPRECATED_OBJC_IMPLEMENTATIONS = YES;
				CLANG_WARN_DIRECT_OBJC_ISA_USAGE = YES_ERROR;
				CLANG_WARN_DOCUMENTATION_COMMENTS = YES;
				CLANG_WARN_EMPTY_BODY = YES;
				CLANG_WARN_ENUM_CONVERSION = YES;
				CLANG_WARN_INFINITE_RECURSION = YES;
				CLANG_WARN_INT_CONVERSION = YES;
				CLANG_WARN_NON_LITERAL_NULL_CONVERSION = YES;
				CLANG_WARN_OBJC_IMPLICIT_RETAIN_SELF = YES;
				CLANG_WARN_OBJC_LITERAL_CONVERSION = YES;
				CLANG_WARN_OBJC_ROOT_CLASS = YES_ERROR;
				CLANG_WARN_QUOTED_INCLUDE_IN_FRAMEWORK_HEADER = YES;
				CLANG_WARN_RANGE_LOOP_ANALYSIS = YES;
				CLANG_WARN_STRICT_PROTOTYPES = YES;
				CLANG_WARN_SUSPICIOUS_MOVE = YES;
				CLANG_WARN_UNGUARDED_AVAILABILITY = YES_AGGRESSIVE;
				CLANG_WARN_UNREACHABLE_CODE = YES;
				CLANG_WARN__DUPLICATE_METHOD_MATCH = YES;
				COPY_PHASE_STRIP = NO;
				DEBUG_INFORMATION_FORMAT = dwarf;
				ENABLE_STRICT_OBJC_MSGSEND = YES;
				ENABLE_TESTABILITY = YES;
				GCC_C_LANGUAGE_STANDARD = gnu11;
				GCC_DYNAMIC_NO_PIC = NO;
				GCC_NO_COMMON_BLOCKS = YES;
				GCC_OPTIMIZATION_LEVEL = 0;
				GCC_PREPROCESSOR_DEFINITIONS = (
					"DEBUG=1",
					"$(inherited)",
				);
				GCC_WARN_64_TO_32_BIT_CONVERSION = YES;
				GCC_WARN_ABOUT_RETURN_TYPE = YES_ERROR;
				GCC_WARN_UNDECLARED_SELECTOR = YES;
				GCC_WARN_UNINITIALIZED_AUTOS = YES_AGGRESSIVE;
				GCC_WARN_UNUSED_FUNCTION = YES;
				GCC_WARN_UNUSED_VARIABLE = YES;
				IPHONEOS_DEPLOYMENT_TARGET = 14.4;
				MTL_ENABLE_DEBUG_INFO = INCLUDE_SOURCE;
				MTL_FAST_MATH = YES;
				ONLY_ACTIVE_ARCH = YES;
				SDKROOT = iphoneos;
				SWIFT_ACTIVE_COMPILATION_CONDITIONS = DEBUG;
				SWIFT_OPTIMIZATION_LEVEL = "-Onone";
			};
			name = Debug;
		};
		DB8D34522946D1FF0088045F /* Release */ = {
			isa = XCBuildConfiguration;
			buildSettings = {
				ALWAYS_SEARCH_USER_PATHS = NO;
				CLANG_ANALYZER_NONNULL = YES;
				CLANG_ANALYZER_NUMBER_OBJECT_CONVERSION = YES_AGGRESSIVE;
				CLANG_CXX_LANGUAGE_STANDARD = "gnu++14";
				CLANG_CXX_LIBRARY = "libc++";
				CLANG_ENABLE_MODULES = YES;
				CLANG_ENABLE_OBJC_ARC = YES;
				CLANG_ENABLE_OBJC_WEAK = YES;
				CLANG_WARN_BLOCK_CAPTURE_AUTORELEASING = YES;
				CLANG_WARN_BOOL_CONVERSION = YES;
				CLANG_WARN_COMMA = YES;
				CLANG_WARN_CONSTANT_CONVERSION = YES;
				CLANG_WARN_DEPRECATED_OBJC_IMPLEMENTATIONS = YES;
				CLANG_WARN_DIRECT_OBJC_ISA_USAGE = YES_ERROR;
				CLANG_WARN_DOCUMENTATION_COMMENTS = YES;
				CLANG_WARN_EMPTY_BODY = YES;
				CLANG_WARN_ENUM_CONVERSION = YES;
				CLANG_WARN_INFINITE_RECURSION = YES;
				CLANG_WARN_INT_CONVERSION = YES;
				CLANG_WARN_NON_LITERAL_NULL_CONVERSION = YES;
				CLANG_WARN_OBJC_IMPLICIT_RETAIN_SELF = YES;
				CLANG_WARN_OBJC_LITERAL_CONVERSION = YES;
				CLANG_WARN_OBJC_ROOT_CLASS = YES_ERROR;
				CLANG_WARN_QUOTED_INCLUDE_IN_FRAMEWORK_HEADER = YES;
				CLANG_WARN_RANGE_LOOP_ANALYSIS = YES;
				CLANG_WARN_STRICT_PROTOTYPES = YES;
				CLANG_WARN_SUSPICIOUS_MOVE = YES;
				CLANG_WARN_UNGUARDED_AVAILABILITY = YES_AGGRESSIVE;
				CLANG_WARN_UNREACHABLE_CODE = YES;
				CLANG_WARN__DUPLICATE_METHOD_MATCH = YES;
				COPY_PHASE_STRIP = NO;
				DEBUG_INFORMATION_FORMAT = "dwarf-with-dsym";
				ENABLE_NS_ASSERTIONS = NO;
				ENABLE_STRICT_OBJC_MSGSEND = YES;
				GCC_C_LANGUAGE_STANDARD = gnu11;
				GCC_NO_COMMON_BLOCKS = YES;
				GCC_WARN_64_TO_32_BIT_CONVERSION = YES;
				GCC_WARN_ABOUT_RETURN_TYPE = YES_ERROR;
				GCC_WARN_UNDECLARED_SELECTOR = YES;
				GCC_WARN_UNINITIALIZED_AUTOS = YES_AGGRESSIVE;
				GCC_WARN_UNUSED_FUNCTION = YES;
				GCC_WARN_UNUSED_VARIABLE = YES;
				IPHONEOS_DEPLOYMENT_TARGET = 14.4;
				MTL_ENABLE_DEBUG_INFO = NO;
				MTL_FAST_MATH = YES;
				SDKROOT = iphoneos;
				SWIFT_COMPILATION_MODE = wholemodule;
				SWIFT_OPTIMIZATION_LEVEL = "-O";
				VALIDATE_PRODUCT = YES;
			};
			name = Release;
		};
		DB8D34542946D1FF0088045F /* Debug */ = {
			isa = XCBuildConfiguration;
			buildSettings = {
				ASSETCATALOG_COMPILER_APPICON_NAME = AppIcon;
				ASSETCATALOG_COMPILER_GLOBAL_ACCENT_COLOR_NAME = AccentColor;
				CODE_SIGN_STYLE = Automatic;
				INFOPLIST_FILE = CC/Info.plist;
				LD_RUNPATH_SEARCH_PATHS = (
					"$(inherited)",
					"@executable_path/Frameworks",
				);
				PRODUCT_BUNDLE_IDENTIFIER = rperatello.com.br.CC;
				PRODUCT_NAME = "$(TARGET_NAME)";
				SWIFT_VERSION = 5.0;
				TARGETED_DEVICE_FAMILY = "1,2";
			};
			name = Debug;
		};
		DB8D34552946D1FF0088045F /* Release */ = {
			isa = XCBuildConfiguration;
			buildSettings = {
				ASSETCATALOG_COMPILER_APPICON_NAME = AppIcon;
				ASSETCATALOG_COMPILER_GLOBAL_ACCENT_COLOR_NAME = AccentColor;
				CODE_SIGN_STYLE = Automatic;
				INFOPLIST_FILE = CC/Info.plist;
				LD_RUNPATH_SEARCH_PATHS = (
					"$(inherited)",
					"@executable_path/Frameworks",
				);
				PRODUCT_BUNDLE_IDENTIFIER = rperatello.com.br.CC;
				PRODUCT_NAME = "$(TARGET_NAME)";
				SWIFT_VERSION = 5.0;
				TARGETED_DEVICE_FAMILY = "1,2";
			};
			name = Release;
		};
/* End XCBuildConfiguration section */

/* Begin XCConfigurationList section */
		DB8D34372946D1E50088045F /* Build configuration list for PBXProject "CC" */ = {
			isa = XCConfigurationList;
			buildConfigurations = (
				DB8D34512946D1FF0088045F /* Debug */,
				DB8D34522946D1FF0088045F /* Release */,
			);
			defaultConfigurationIsVisible = 0;
			defaultConfigurationName = Release;
		};
		DB8D34532946D1FF0088045F /* Build configuration list for PBXNativeTarget "CC" */ = {
			isa = XCConfigurationList;
			buildConfigurations = (
				DB8D34542946D1FF0088045F /* Debug */,
				DB8D34552946D1FF0088045F /* Release */,
			);
			defaultConfigurationIsVisible = 0;
			defaultConfigurationName = Release;
		};
/* End XCConfigurationList section */

/* Begin XCVersionGroup section */
		DB8D34482946D1E50088045F /* CC.xcdatamodeld */ = {
			isa = XCVersionGroup;
			children = (
				DB8D34492946D1E50088045F /* CC.xcdatamodel */,
			);
			currentVersion = DB8D34492946D1E50088045F /* CC.xcdatamodel */;
			path = CC.xcdatamodeld;
			sourceTree = "<group>";
			versionGroupType = wrapper.xcdatamodel;
		};
/* End XCVersionGroup section */
	};
	rootObject = DB8D34342946D1E50088045F /* Project object */;
}
